
Microsoft Visual Studio Solution File, Format Version 12.00
# Visual Studio Version 17
VisualStudioVersion = 17.1.32319.34
MinimumVisualStudioVersion = 10.0.40219.1
Project("{2150E333-8FDC-42A3-9474-1A3956D46DE8}") = "src", "src", "{BDBFF7F3-C7E3-421B-B3BF-F42206027C7A}"
EndProject
Project("{2150E333-8FDC-42A3-9474-1A3956D46DE8}") = "Main", "Main", "{E07AA8C3-7116-42FD-81C5-4F5A3E3335C8}"
EndProject
Project("{2150E333-8FDC-42A3-9474-1A3956D46DE8}") = "Core", "Core", "{370DA7AD-6019-4599-AD05-2416AB43EF2C}"
EndProject
Project("{9A19103F-16F7-4668-BE54-9A1E7A4F7556}") = "Main.Core", "src\Main\Core\Main.Core.csproj", "{AE037FC2-8D63-4ACB-BA97-F903F7627C79}"
EndProject
Project("{2150E333-8FDC-42A3-9474-1A3956D46DE8}") = "Infrastructure", "Infrastructure", "{189F4705-E153-4E4F-A3AD-130AEDA54676}"
EndProject
Project("{9A19103F-16F7-4668-BE54-9A1E7A4F7556}") = "Main.Infrastructure", "src\Main\Infrastructure\Main.Infrastructure.csproj", "{72C652AB-611B-440A-AA7C-E361CD334E39}"
	ProjectSection(ProjectDependencies) = postProject
		{AE037FC2-8D63-4ACB-BA97-F903F7627C79} = {AE037FC2-8D63-4ACB-BA97-F903F7627C79}
	EndProjectSection
EndProject
Project("{2150E333-8FDC-42A3-9474-1A3956D46DE8}") = "tests", "tests", "{893CB4CD-7E29-4B4C-8BC8-0E23DE29DDA7}"
EndProject
Project("{2150E333-8FDC-42A3-9474-1A3956D46DE8}") = "UnitTests", "UnitTests", "{66242BFC-D3DE-4CA5-823F-0958A90E0894}"
EndProject
Project("{2150E333-8FDC-42A3-9474-1A3956D46DE8}") = "Common", "Common", "{A29C8E32-2691-44D1-90FC-A1A6283AC5DA}"
EndProject
Project("{2150E333-8FDC-42A3-9474-1A3956D46DE8}") = "WebApplication", "WebApplication", "{36DB6FBA-B2AE-453F-98ED-9FCC6123F480}"
EndProject
Project("{9A19103F-16F7-4668-BE54-9A1E7A4F7556}") = "Main.WebApplication", "src\Main\WebApplication\Main.WebApplication.csproj", "{B0F540A9-D61F-4DF3-ADD3-277343BE4164}"
	ProjectSection(ProjectDependencies) = postProject
		{72C652AB-611B-440A-AA7C-E361CD334E39} = {72C652AB-611B-440A-AA7C-E361CD334E39}
		{AE037FC2-8D63-4ACB-BA97-F903F7627C79} = {AE037FC2-8D63-4ACB-BA97-F903F7627C79}
	EndProjectSection
EndProject
Global
	GlobalSection(SolutionConfigurationPlatforms) = preSolution
		Debug|Any CPU = Debug|Any CPU
		Release|Any CPU = Release|Any CPU
	EndGlobalSection
	GlobalSection(ProjectConfigurationPlatforms) = postSolution
		{AE037FC2-8D63-4ACB-BA97-F903F7627C79}.Debug|Any CPU.ActiveCfg = Debug|Any CPU
		{AE037FC2-8D63-4ACB-BA97-F903F7627C79}.Debug|Any CPU.Build.0 = Debug|Any CPU
		{AE037FC2-8D63-4ACB-BA97-F903F7627C79}.Release|Any CPU.ActiveCfg = Release|Any CPU
		{AE037FC2-8D63-4ACB-BA97-F903F7627C79}.Release|Any CPU.Build.0 = Release|Any CPU
		{72C652AB-611B-440A-AA7C-E361CD334E39}.Debug|Any CPU.ActiveCfg = Debug|Any CPU
		{72C652AB-611B-440A-AA7C-E361CD334E39}.Debug|Any CPU.Build.0 = Debug|Any CPU
		{72C652AB-611B-440A-AA7C-E361CD334E39}.Release|Any CPU.ActiveCfg = Release|Any CPU
		{72C652AB-611B-440A-AA7C-E361CD334E39}.Release|Any CPU.Build.0 = Release|Any CPU
		{B0F540A9-D61F-4DF3-ADD3-277343BE4164}.Debug|Any CPU.ActiveCfg = Debug|Any CPU
		{B0F540A9-D61F-4DF3-ADD3-277343BE4164}.Debug|Any CPU.Build.0 = Debug|Any CPU
		{B0F540A9-D61F-4DF3-ADD3-277343BE4164}.Release|Any CPU.ActiveCfg = Release|Any CPU
		{B0F540A9-D61F-4DF3-ADD3-277343BE4164}.Release|Any CPU.Build.0 = Release|Any CPU
	EndGlobalSection
	GlobalSection(SolutionProperties) = preSolution
		HideSolutionNode = FALSE
	EndGlobalSection
	GlobalSection(NestedProjects) = preSolution
		{E07AA8C3-7116-42FD-81C5-4F5A3E3335C8} = {BDBFF7F3-C7E3-421B-B3BF-F42206027C7A}
		{370DA7AD-6019-4599-AD05-2416AB43EF2C} = {E07AA8C3-7116-42FD-81C5-4F5A3E3335C8}
		{AE037FC2-8D63-4ACB-BA97-F903F7627C79} = {370DA7AD-6019-4599-AD05-2416AB43EF2C}
		{189F4705-E153-4E4F-A3AD-130AEDA54676} = {E07AA8C3-7116-42FD-81C5-4F5A3E3335C8}
		{72C652AB-611B-440A-AA7C-E361CD334E39} = {189F4705-E153-4E4F-A3AD-130AEDA54676}
		{66242BFC-D3DE-4CA5-823F-0958A90E0894} = {893CB4CD-7E29-4B4C-8BC8-0E23DE29DDA7}
		{A29C8E32-2691-44D1-90FC-A1A6283AC5DA} = {BDBFF7F3-C7E3-421B-B3BF-F42206027C7A}
		{36DB6FBA-B2AE-453F-98ED-9FCC6123F480} = {E07AA8C3-7116-42FD-81C5-4F5A3E3335C8}
		{B0F540A9-D61F-4DF3-ADD3-277343BE4164} = {36DB6FBA-B2AE-453F-98ED-9FCC6123F480}
	EndGlobalSection
	GlobalSection(ExtensibilityGlobals) = postSolution
		SolutionGuid = {1CB2374B-C6A5-424C-87C1-31707B288EDD}
	EndGlobalSection
EndGlobal
